
Microsoft Visual Studio Solution File, Format Version 12.00
# Visual Studio 15
VisualStudioVersion = 15.0.27004.2009
MinimumVisualStudioVersion = 10.0.40219.1
Project("{FAE04EC0-301F-11D3-BF4B-00C04F79EFBC}") = "ChatBot", "ChatBot\ChatBot.csproj", "{9274CFDD-87BC-44AB-90E9-9A73A1F0C8EA}"
EndProject
Global
	GlobalSection(SolutionConfigurationPlatforms) = preSolution
		Debug|Any CPU = Debug|Any CPU
		Release|Any CPU = Release|Any CPU
	EndGlobalSection
	GlobalSection(ProjectConfigurationPlatforms) = postSolution
		{9274CFDD-87BC-44AB-90E9-9A73A1F0C8EA}.Debug|Any CPU.ActiveCfg = Debug|Any CPU
		{9274CFDD-87BC-44AB-90E9-9A73A1F0C8EA}.Debug|Any CPU.Build.0 = Debug|Any CPU
		{9274CFDD-87BC-44AB-90E9-9A73A1F0C8EA}.Release|Any CPU.ActiveCfg = Release|Any CPU
		{9274CFDD-87BC-44AB-90E9-9A73A1F0C8EA}.Release|Any CPU.Build.0 = Release|Any CPU
	EndGlobalSection
	GlobalSection(SolutionProperties) = preSolution
		HideSolutionNode = FALSE
	EndGlobalSection
	GlobalSection(ExtensibilityGlobals) = postSolution
		SolutionGuid = {56E86D6B-9EAE-4E54-A982-E4663E923000}
	EndGlobalSection
EndGlobal
