
Microsoft Visual Studio Solution File, Format Version 12.00
# Visual Studio 15
VisualStudioVersion = 15.0.27703.2035
MinimumVisualStudioVersion = 10.0.40219.1
Project("{888888A0-9F3D-457C-B088-3A5042F75D52}") = "ChatBot", "ChatBot.pyproj", "{B4CB07D2-08FA-4F51-861F-985630F3E949}"
EndProject
Global
	GlobalSection(SolutionConfigurationPlatforms) = preSolution
		Debug|Any CPU = Debug|Any CPU
		Release|Any CPU = Release|Any CPU
	EndGlobalSection
	GlobalSection(ProjectConfigurationPlatforms) = postSolution
		{B4CB07D2-08FA-4F51-861F-985630F3E949}.Debug|Any CPU.ActiveCfg = Debug|Any CPU
		{B4CB07D2-08FA-4F51-861F-985630F3E949}.Release|Any CPU.ActiveCfg = Release|Any CPU
	EndGlobalSection
	GlobalSection(SolutionProperties) = preSolution
		HideSolutionNode = FALSE
	EndGlobalSection
	GlobalSection(ExtensibilityGlobals) = postSolution
		SolutionGuid = {4C22901D-C63A-4E40-9E1D-692C889A90D6}
	EndGlobalSection
EndGlobal
